
Microsoft Visual Studio Solution File, Format Version 12.00
# Visual Studio Version 17
VisualStudioVersion = 17.12.35209.166
MinimumVisualStudioVersion = 10.0.40219.1
Project("{FAE04EC0-301F-11D3-BF4B-00C04F79EFBC}") = "OrchestrationPipelinesAlert", "OrchestrationPipelinesAlert\OrchestrationPipelinesAlert.csproj", "{70869BA0-1942-40A5-8ECD-E05A3AE5EE08}"
EndProject
Global
	GlobalSection(SolutionConfigurationPlatforms) = preSolution
		Debug|Any CPU = Debug|Any CPU
		Release|Any CPU = Release|Any CPU
	EndGlobalSection
	GlobalSection(ProjectConfigurationPlatforms) = postSolution
		{70869BA0-1942-40A5-8ECD-E05A3AE5EE08}.Debug|Any CPU.ActiveCfg = Debug|Any CPU
		{70869BA0-1942-40A5-8ECD-E05A3AE5EE08}.Debug|Any CPU.Build.0 = Debug|Any CPU
		{70869BA0-1942-40A5-8ECD-E05A3AE5EE08}.Release|Any CPU.ActiveCfg = Release|Any CPU
		{70869BA0-1942-40A5-8ECD-E05A3AE5EE08}.Release|Any CPU.Build.0 = Release|Any CPU
	EndGlobalSection
	GlobalSection(SolutionProperties) = preSolution
		HideSolutionNode = FALSE
	EndGlobalSection
	GlobalSection(ExtensibilityGlobals) = postSolution
		SolutionGuid = {724C587C-FEC8-409C-BBAF-2E01DC9E4E97}
	EndGlobalSection
EndGlobal
